{
  "name": "vue-cuba-app",
  "version": "0.1.0",
  "lockfileVersion": 1,
  "requires": true,
  "dependencies": {
    "@cuba-platform/rest": {
      "version": "0.3.0",
      "resolved": "https://registry.npmjs.org/@cuba-platform/rest/-/rest-0.3.0.tgz",
      "integrity": "sha512-cQqCSNkkjF+FlxtDwzMDpP5ZfZ/vCvxKSoDHNSyUAEqhCS3FWtpWZiHrXRPg3AmGPN0d0jnyk+YFVLo094aRUw=="
    }
  }
}
